
Microsoft Visual Studio Solution File, Format Version 12.00
# Visual Studio Version 17
VisualStudioVersion = 17.4.33213.308
MinimumVisualStudioVersion = 10.0.40219.1
Project("{FAE04EC0-301F-11D3-BF4B-00C04F79EFBC}") = "03.04.2023 dz strategy", "03.04.2023 dz strategy\03.04.2023 dz strategy.csproj", "{64F538B9-878F-426A-9131-7C33ABB54656}"
EndProject
Global
	GlobalSection(SolutionConfigurationPlatforms) = preSolution
		Debug|Any CPU = Debug|Any CPU
		Release|Any CPU = Release|Any CPU
	EndGlobalSection
	GlobalSection(ProjectConfigurationPlatforms) = postSolution
		{64F538B9-878F-426A-9131-7C33ABB54656}.Debug|Any CPU.ActiveCfg = Debug|Any CPU
		{64F538B9-878F-426A-9131-7C33ABB54656}.Debug|Any CPU.Build.0 = Debug|Any CPU
		{64F538B9-878F-426A-9131-7C33ABB54656}.Release|Any CPU.ActiveCfg = Release|Any CPU
		{64F538B9-878F-426A-9131-7C33ABB54656}.Release|Any CPU.Build.0 = Release|Any CPU
	EndGlobalSection
	GlobalSection(SolutionProperties) = preSolution
		HideSolutionNode = FALSE
	EndGlobalSection
	GlobalSection(ExtensibilityGlobals) = postSolution
		SolutionGuid = {45A8BC2D-61C8-4CF5-9859-74ECBD7AEAA5}
	EndGlobalSection
EndGlobal
